
Microsoft Visual Studio Solution File, Format Version 12.00
# Visual Studio Version 17
VisualStudioVersion = 17.9.34607.119
MinimumVisualStudioVersion = 10.0.40219.1
Project("{F184B08F-C81C-45F6-A57F-5ABD9991F28F}") = "Textfile Demonstration", "Textfile Demonstration\Textfile Demonstration.vbproj", "{25B24512-5BC4-4C8D-9F60-BAF17BA92BF1}"
EndProject
Global
	GlobalSection(SolutionConfigurationPlatforms) = preSolution
		Debug|Any CPU = Debug|Any CPU
		Release|Any CPU = Release|Any CPU
	EndGlobalSection
	GlobalSection(ProjectConfigurationPlatforms) = postSolution
		{25B24512-5BC4-4C8D-9F60-BAF17BA92BF1}.Debug|Any CPU.ActiveCfg = Debug|Any CPU
		{25B24512-5BC4-4C8D-9F60-BAF17BA92BF1}.Debug|Any CPU.Build.0 = Debug|Any CPU
		{25B24512-5BC4-4C8D-9F60-BAF17BA92BF1}.Release|Any CPU.ActiveCfg = Release|Any CPU
		{25B24512-5BC4-4C8D-9F60-BAF17BA92BF1}.Release|Any CPU.Build.0 = Release|Any CPU
	EndGlobalSection
	GlobalSection(SolutionProperties) = preSolution
		HideSolutionNode = FALSE
	EndGlobalSection
	GlobalSection(ExtensibilityGlobals) = postSolution
		SolutionGuid = {75425B4C-86B7-46D9-AAE9-E39DF491EDB7}
	EndGlobalSection
EndGlobal
